
Microsoft Visual Studio Solution File, Format Version 12.00
# Visual Studio Version 16
VisualStudioVersion = 16.0.29503.13
MinimumVisualStudioVersion = 10.0.40219.1
Project("{9A19103F-16F7-4668-BE54-9A1E7A4F7556}") = "Brenda.Data", "Brenda.Data\Brenda.Data.csproj", "{BB68A14C-2F27-4D88-B179-A85A01A4A18B}"
EndProject
Project("{9A19103F-16F7-4668-BE54-9A1E7A4F7556}") = "Brenda.Core", "Brenda.Core\Brenda.Core.csproj", "{8B9752FA-E97F-4F2F-A21C-35A56ECA134E}"
EndProject
Project("{9A19103F-16F7-4668-BE54-9A1E7A4F7556}") = "Brenda.Utils", "Brenda.Utils\Brenda.Utils.csproj", "{3CDD9143-B980-475C-AF54-1FF754608B04}"
EndProject
Project("{9A19103F-16F7-4668-BE54-9A1E7A4F7556}") = "Brenda.Contracts", "Brenda.Contracts\Brenda.Contracts.csproj", "{9D4581F1-2B4F-4ECD-AE64-909919860B2D}"
EndProject
Project("{9A19103F-16F7-4668-BE54-9A1E7A4F7556}") = "Brenda.Services", "Brenda.Services\Brenda.Services.csproj", "{C71BFE11-9226-4073-92EC-EFEB6613DE5E}"
EndProject
Project("{9A19103F-16F7-4668-BE54-9A1E7A4F7556}") = "Brenda.Infrastructure", "Brenda.Infrastructure\Brenda.Infrastructure.csproj", "{178F007F-F135-4F8F-8A94-9BF8E1D49735}"
EndProject
Project("{9A19103F-16F7-4668-BE54-9A1E7A4F7556}") = "Brenda.Web", "Brenda.Web\Brenda.Web.csproj", "{8E54BB1F-C53F-4A4D-93C1-0D0A667BF668}"
EndProject
Project("{E53339B2-1760-4266-BCC7-CA923CBCF16C}") = "docker-compose", "..\docker-compose.dcproj", "{DCEADBA5-3430-4ED5-84E4-59F84EC4ECCE}"
EndProject
Project("{2150E333-8FDC-42A3-9474-1A3956D46DE8}") = "_", "_", "{560EC842-C5AF-46E9-84A3-FAAE37BDC6C0}"
	ProjectSection(SolutionItems) = preProject
		nuget.config = nuget.config
	EndProjectSection
EndProject
Project("{2150E333-8FDC-42A3-9474-1A3956D46DE8}") = "Sara", "Sara", "{F048B942-C1B9-48C4-A86E-0B662822CC94}"
EndProject
Project("{9A19103F-16F7-4668-BE54-9A1E7A4F7556}") = "Sara.Core", "Sara.Core\Sara.Core.csproj", "{FA09B0A3-1C60-4684-AC70-4D12188B1482}"
EndProject
Project("{9A19103F-16F7-4668-BE54-9A1E7A4F7556}") = "Sara.Api", "Sara.Api\Sara.Api.csproj", "{66753ABE-06C9-449B-81DC-E5FB9980DA73}"
EndProject
Project("{9A19103F-16F7-4668-BE54-9A1E7A4F7556}") = "Sara.Data", "Sara.Data\Sara.Data.csproj", "{3A20F053-6C76-4FB7-AB43-605370DC0293}"
EndProject
Project("{9A19103F-16F7-4668-BE54-9A1E7A4F7556}") = "Sara.Contracts", "Sara.Contracts\Sara.Contracts.csproj", "{5A1FED19-AF2D-4BDA-B7D0-487E9E48F7C1}"
EndProject
Project("{9A19103F-16F7-4668-BE54-9A1E7A4F7556}") = "Sara.Services", "Sara.Services\Sara.Services.csproj", "{FF1AB935-748D-4AF9-92D6-0756FAC0B133}"
EndProject
Project("{9A19103F-16F7-4668-BE54-9A1E7A4F7556}") = "Sara.Infrastructure", "Sara.Infrastructure\Sara.Infrastructure.csproj", "{9DA59AA7-7DFA-4950-A543-9D8C248B8A6A}"
EndProject
Project("{9A19103F-16F7-4668-BE54-9A1E7A4F7556}") = "Carol.Contracts", "Carol.Contracts\Carol.Contracts.csproj", "{D7AC96EF-2844-45C3-B535-259615CAFA58}"
EndProject
Project("{2150E333-8FDC-42A3-9474-1A3956D46DE8}") = "Brenda", "Brenda", "{623C14B1-0730-4D38-A522-46F061721924}"
EndProject
Project("{2150E333-8FDC-42A3-9474-1A3956D46DE8}") = "Julia", "Julia", "{52E7BD77-F54E-4224-BC17-0C662593458C}"
EndProject
Project("{2150E333-8FDC-42A3-9474-1A3956D46DE8}") = "Carol", "Carol", "{D2925F32-51B3-49AE-8A2C-140AD1D8DEAA}"
EndProject
Project("{9A19103F-16F7-4668-BE54-9A1E7A4F7556}") = "Carol.Api", "Carol.Api\Carol.Api.csproj", "{BD566967-1107-40F7-9D8A-2AE44427F9AE}"
EndProject
Project("{9A19103F-16F7-4668-BE54-9A1E7A4F7556}") = "Carol.Data", "Carol.Data\Carol.Data.csproj", "{D379251E-A552-4C45-A86B-DB9CB9C86031}"
EndProject
Project("{9A19103F-16F7-4668-BE54-9A1E7A4F7556}") = "Carol.Core", "Carol.Core\Carol.Core.csproj", "{912B0F51-973A-418C-A486-165786C8F89E}"
EndProject
Project("{9A19103F-16F7-4668-BE54-9A1E7A4F7556}") = "Carol.Services", "Carol.Services\Carol.Services.csproj", "{0599C3EB-B1BD-4E03-BF16-989DFA8D661B}"
EndProject
Project("{9A19103F-16F7-4668-BE54-9A1E7A4F7556}") = "Brenda.Tests", "Brenda.Tests\Brenda.Tests.csproj", "{05BD2971-16D8-4BBA-91AF-695EFE6D4EC1}"
EndProject
Project("{FAE04EC0-301F-11D3-BF4B-00C04F79EFBC}") = "Julia.Api", "Julia.Api\Julia.Api.csproj", "{E7C148D2-0766-4E08-A5B6-3E622ECE5652}"
EndProject
Global
	GlobalSection(SolutionConfigurationPlatforms) = preSolution
		Debug|Any CPU = Debug|Any CPU
		Release|Any CPU = Release|Any CPU
	EndGlobalSection
	GlobalSection(ProjectConfigurationPlatforms) = postSolution
		{BB68A14C-2F27-4D88-B179-A85A01A4A18B}.Debug|Any CPU.ActiveCfg = Debug|Any CPU
		{BB68A14C-2F27-4D88-B179-A85A01A4A18B}.Debug|Any CPU.Build.0 = Debug|Any CPU
		{BB68A14C-2F27-4D88-B179-A85A01A4A18B}.Release|Any CPU.ActiveCfg = Release|Any CPU
		{BB68A14C-2F27-4D88-B179-A85A01A4A18B}.Release|Any CPU.Build.0 = Release|Any CPU
		{8B9752FA-E97F-4F2F-A21C-35A56ECA134E}.Debug|Any CPU.ActiveCfg = Debug|Any CPU
		{8B9752FA-E97F-4F2F-A21C-35A56ECA134E}.Debug|Any CPU.Build.0 = Debug|Any CPU
		{8B9752FA-E97F-4F2F-A21C-35A56ECA134E}.Release|Any CPU.ActiveCfg = Release|Any CPU
		{8B9752FA-E97F-4F2F-A21C-35A56ECA134E}.Release|Any CPU.Build.0 = Release|Any CPU
		{3CDD9143-B980-475C-AF54-1FF754608B04}.Debug|Any CPU.ActiveCfg = Debug|Any CPU
		{3CDD9143-B980-475C-AF54-1FF754608B04}.Debug|Any CPU.Build.0 = Debug|Any CPU
		{3CDD9143-B980-475C-AF54-1FF754608B04}.Release|Any CPU.ActiveCfg = Release|Any CPU
		{3CDD9143-B980-475C-AF54-1FF754608B04}.Release|Any CPU.Build.0 = Release|Any CPU
		{9D4581F1-2B4F-4ECD-AE64-909919860B2D}.Debug|Any CPU.ActiveCfg = Debug|Any CPU
		{9D4581F1-2B4F-4ECD-AE64-909919860B2D}.Debug|Any CPU.Build.0 = Debug|Any CPU
		{9D4581F1-2B4F-4ECD-AE64-909919860B2D}.Release|Any CPU.ActiveCfg = Release|Any CPU
		{9D4581F1-2B4F-4ECD-AE64-909919860B2D}.Release|Any CPU.Build.0 = Release|Any CPU
		{C71BFE11-9226-4073-92EC-EFEB6613DE5E}.Debug|Any CPU.ActiveCfg = Debug|Any CPU
		{C71BFE11-9226-4073-92EC-EFEB6613DE5E}.Debug|Any CPU.Build.0 = Debug|Any CPU
		{C71BFE11-9226-4073-92EC-EFEB6613DE5E}.Release|Any CPU.ActiveCfg = Release|Any CPU
		{C71BFE11-9226-4073-92EC-EFEB6613DE5E}.Release|Any CPU.Build.0 = Release|Any CPU
		{178F007F-F135-4F8F-8A94-9BF8E1D49735}.Debug|Any CPU.ActiveCfg = Debug|Any CPU
		{178F007F-F135-4F8F-8A94-9BF8E1D49735}.Debug|Any CPU.Build.0 = Debug|Any CPU
		{178F007F-F135-4F8F-8A94-9BF8E1D49735}.Release|Any CPU.ActiveCfg = Release|Any CPU
		{178F007F-F135-4F8F-8A94-9BF8E1D49735}.Release|Any CPU.Build.0 = Release|Any CPU
		{8E54BB1F-C53F-4A4D-93C1-0D0A667BF668}.Debug|Any CPU.ActiveCfg = Debug|Any CPU
		{8E54BB1F-C53F-4A4D-93C1-0D0A667BF668}.Debug|Any CPU.Build.0 = Debug|Any CPU
		{8E54BB1F-C53F-4A4D-93C1-0D0A667BF668}.Release|Any CPU.ActiveCfg = Release|Any CPU
		{8E54BB1F-C53F-4A4D-93C1-0D0A667BF668}.Release|Any CPU.Build.0 = Release|Any CPU
		{DCEADBA5-3430-4ED5-84E4-59F84EC4ECCE}.Debug|Any CPU.ActiveCfg = Debug|Any CPU
		{DCEADBA5-3430-4ED5-84E4-59F84EC4ECCE}.Debug|Any CPU.Build.0 = Debug|Any CPU
		{DCEADBA5-3430-4ED5-84E4-59F84EC4ECCE}.Release|Any CPU.ActiveCfg = Release|Any CPU
		{DCEADBA5-3430-4ED5-84E4-59F84EC4ECCE}.Release|Any CPU.Build.0 = Release|Any CPU
		{FA09B0A3-1C60-4684-AC70-4D12188B1482}.Debug|Any CPU.ActiveCfg = Debug|Any CPU
		{FA09B0A3-1C60-4684-AC70-4D12188B1482}.Debug|Any CPU.Build.0 = Debug|Any CPU
		{FA09B0A3-1C60-4684-AC70-4D12188B1482}.Release|Any CPU.ActiveCfg = Release|Any CPU
		{FA09B0A3-1C60-4684-AC70-4D12188B1482}.Release|Any CPU.Build.0 = Release|Any CPU
		{66753ABE-06C9-449B-81DC-E5FB9980DA73}.Debug|Any CPU.ActiveCfg = Debug|Any CPU
		{66753ABE-06C9-449B-81DC-E5FB9980DA73}.Debug|Any CPU.Build.0 = Debug|Any CPU
		{66753ABE-06C9-449B-81DC-E5FB9980DA73}.Release|Any CPU.ActiveCfg = Release|Any CPU
		{66753ABE-06C9-449B-81DC-E5FB9980DA73}.Release|Any CPU.Build.0 = Release|Any CPU
		{3A20F053-6C76-4FB7-AB43-605370DC0293}.Debug|Any CPU.ActiveCfg = Debug|Any CPU
		{3A20F053-6C76-4FB7-AB43-605370DC0293}.Debug|Any CPU.Build.0 = Debug|Any CPU
		{3A20F053-6C76-4FB7-AB43-605370DC0293}.Release|Any CPU.ActiveCfg = Release|Any CPU
		{3A20F053-6C76-4FB7-AB43-605370DC0293}.Release|Any CPU.Build.0 = Release|Any CPU
		{5A1FED19-AF2D-4BDA-B7D0-487E9E48F7C1}.Debug|Any CPU.ActiveCfg = Debug|Any CPU
		{5A1FED19-AF2D-4BDA-B7D0-487E9E48F7C1}.Debug|Any CPU.Build.0 = Debug|Any CPU
		{5A1FED19-AF2D-4BDA-B7D0-487E9E48F7C1}.Release|Any CPU.ActiveCfg = Release|Any CPU
		{5A1FED19-AF2D-4BDA-B7D0-487E9E48F7C1}.Release|Any CPU.Build.0 = Release|Any CPU
		{FF1AB935-748D-4AF9-92D6-0756FAC0B133}.Debug|Any CPU.ActiveCfg = Debug|Any CPU
		{FF1AB935-748D-4AF9-92D6-0756FAC0B133}.Debug|Any CPU.Build.0 = Debug|Any CPU
		{FF1AB935-748D-4AF9-92D6-0756FAC0B133}.Release|Any CPU.ActiveCfg = Release|Any CPU
		{FF1AB935-748D-4AF9-92D6-0756FAC0B133}.Release|Any CPU.Build.0 = Release|Any CPU
		{9DA59AA7-7DFA-4950-A543-9D8C248B8A6A}.Debug|Any CPU.ActiveCfg = Debug|Any CPU
		{9DA59AA7-7DFA-4950-A543-9D8C248B8A6A}.Debug|Any CPU.Build.0 = Debug|Any CPU
		{9DA59AA7-7DFA-4950-A543-9D8C248B8A6A}.Release|Any CPU.ActiveCfg = Release|Any CPU
		{9DA59AA7-7DFA-4950-A543-9D8C248B8A6A}.Release|Any CPU.Build.0 = Release|Any CPU
		{D7AC96EF-2844-45C3-B535-259615CAFA58}.Debug|Any CPU.ActiveCfg = Debug|Any CPU
		{D7AC96EF-2844-45C3-B535-259615CAFA58}.Debug|Any CPU.Build.0 = Debug|Any CPU
		{D7AC96EF-2844-45C3-B535-259615CAFA58}.Release|Any CPU.ActiveCfg = Release|Any CPU
		{D7AC96EF-2844-45C3-B535-259615CAFA58}.Release|Any CPU.Build.0 = Release|Any CPU
		{BD566967-1107-40F7-9D8A-2AE44427F9AE}.Debug|Any CPU.ActiveCfg = Debug|Any CPU
		{BD566967-1107-40F7-9D8A-2AE44427F9AE}.Debug|Any CPU.Build.0 = Debug|Any CPU
		{BD566967-1107-40F7-9D8A-2AE44427F9AE}.Release|Any CPU.ActiveCfg = Release|Any CPU
		{BD566967-1107-40F7-9D8A-2AE44427F9AE}.Release|Any CPU.Build.0 = Release|Any CPU
		{D379251E-A552-4C45-A86B-DB9CB9C86031}.Debug|Any CPU.ActiveCfg = Debug|Any CPU
		{D379251E-A552-4C45-A86B-DB9CB9C86031}.Debug|Any CPU.Build.0 = Debug|Any CPU
		{D379251E-A552-4C45-A86B-DB9CB9C86031}.Release|Any CPU.ActiveCfg = Release|Any CPU
		{D379251E-A552-4C45-A86B-DB9CB9C86031}.Release|Any CPU.Build.0 = Release|Any CPU
		{912B0F51-973A-418C-A486-165786C8F89E}.Debug|Any CPU.ActiveCfg = Debug|Any CPU
		{912B0F51-973A-418C-A486-165786C8F89E}.Debug|Any CPU.Build.0 = Debug|Any CPU
		{912B0F51-973A-418C-A486-165786C8F89E}.Release|Any CPU.ActiveCfg = Release|Any CPU
		{912B0F51-973A-418C-A486-165786C8F89E}.Release|Any CPU.Build.0 = Release|Any CPU
		{0599C3EB-B1BD-4E03-BF16-989DFA8D661B}.Debug|Any CPU.ActiveCfg = Debug|Any CPU
		{0599C3EB-B1BD-4E03-BF16-989DFA8D661B}.Debug|Any CPU.Build.0 = Debug|Any CPU
		{0599C3EB-B1BD-4E03-BF16-989DFA8D661B}.Release|Any CPU.ActiveCfg = Release|Any CPU
		{0599C3EB-B1BD-4E03-BF16-989DFA8D661B}.Release|Any CPU.Build.0 = Release|Any CPU
		{05BD2971-16D8-4BBA-91AF-695EFE6D4EC1}.Debug|Any CPU.ActiveCfg = Debug|Any CPU
		{05BD2971-16D8-4BBA-91AF-695EFE6D4EC1}.Debug|Any CPU.Build.0 = Debug|Any CPU
		{05BD2971-16D8-4BBA-91AF-695EFE6D4EC1}.Release|Any CPU.ActiveCfg = Release|Any CPU
		{05BD2971-16D8-4BBA-91AF-695EFE6D4EC1}.Release|Any CPU.Build.0 = Release|Any CPU
		{E7C148D2-0766-4E08-A5B6-3E622ECE5652}.Debug|Any CPU.ActiveCfg = Debug|Any CPU
		{E7C148D2-0766-4E08-A5B6-3E622ECE5652}.Debug|Any CPU.Build.0 = Debug|Any CPU
		{E7C148D2-0766-4E08-A5B6-3E622ECE5652}.Release|Any CPU.ActiveCfg = Release|Any CPU
		{E7C148D2-0766-4E08-A5B6-3E622ECE5652}.Release|Any CPU.Build.0 = Release|Any CPU
	EndGlobalSection
	GlobalSection(SolutionProperties) = preSolution
		HideSolutionNode = FALSE
	EndGlobalSection
	GlobalSection(NestedProjects) = preSolution
		{BB68A14C-2F27-4D88-B179-A85A01A4A18B} = {623C14B1-0730-4D38-A522-46F061721924}
		{8B9752FA-E97F-4F2F-A21C-35A56ECA134E} = {623C14B1-0730-4D38-A522-46F061721924}
		{3CDD9143-B980-475C-AF54-1FF754608B04} = {623C14B1-0730-4D38-A522-46F061721924}
		{9D4581F1-2B4F-4ECD-AE64-909919860B2D} = {623C14B1-0730-4D38-A522-46F061721924}
		{C71BFE11-9226-4073-92EC-EFEB6613DE5E} = {623C14B1-0730-4D38-A522-46F061721924}
		{178F007F-F135-4F8F-8A94-9BF8E1D49735} = {623C14B1-0730-4D38-A522-46F061721924}
		{8E54BB1F-C53F-4A4D-93C1-0D0A667BF668} = {623C14B1-0730-4D38-A522-46F061721924}
		{DCEADBA5-3430-4ED5-84E4-59F84EC4ECCE} = {560EC842-C5AF-46E9-84A3-FAAE37BDC6C0}
		{FA09B0A3-1C60-4684-AC70-4D12188B1482} = {F048B942-C1B9-48C4-A86E-0B662822CC94}
		{66753ABE-06C9-449B-81DC-E5FB9980DA73} = {F048B942-C1B9-48C4-A86E-0B662822CC94}
		{3A20F053-6C76-4FB7-AB43-605370DC0293} = {F048B942-C1B9-48C4-A86E-0B662822CC94}
		{5A1FED19-AF2D-4BDA-B7D0-487E9E48F7C1} = {F048B942-C1B9-48C4-A86E-0B662822CC94}
		{FF1AB935-748D-4AF9-92D6-0756FAC0B133} = {F048B942-C1B9-48C4-A86E-0B662822CC94}
		{9DA59AA7-7DFA-4950-A543-9D8C248B8A6A} = {F048B942-C1B9-48C4-A86E-0B662822CC94}
		{D7AC96EF-2844-45C3-B535-259615CAFA58} = {D2925F32-51B3-49AE-8A2C-140AD1D8DEAA}
		{BD566967-1107-40F7-9D8A-2AE44427F9AE} = {D2925F32-51B3-49AE-8A2C-140AD1D8DEAA}
		{D379251E-A552-4C45-A86B-DB9CB9C86031} = {D2925F32-51B3-49AE-8A2C-140AD1D8DEAA}
		{912B0F51-973A-418C-A486-165786C8F89E} = {D2925F32-51B3-49AE-8A2C-140AD1D8DEAA}
		{0599C3EB-B1BD-4E03-BF16-989DFA8D661B} = {D2925F32-51B3-49AE-8A2C-140AD1D8DEAA}
		{05BD2971-16D8-4BBA-91AF-695EFE6D4EC1} = {623C14B1-0730-4D38-A522-46F061721924}
		{E7C148D2-0766-4E08-A5B6-3E622ECE5652} = {52E7BD77-F54E-4224-BC17-0C662593458C}
	EndGlobalSection
	GlobalSection(ExtensibilityGlobals) = postSolution
		SolutionGuid = {4F35C97A-D5D8-47D9-848A-9FD82F9B2A09}
	EndGlobalSection
EndGlobal
